PODS:
  - CosmosMobLogin (0.1.0)
  - mob_secverify (3.4.5):
    - MOBFoundation
  - MOBFoundation (3.2.52)

DEPENDENCIES:
  - CosmosMobLogin (from `../`)
  - mob_secverify

SPEC REPOS:
  trunk:
    - mob_secverify
    - MOBFoundation

EXTERNAL SOURCES:
  CosmosMobLogin:
    :path: "../"

SPEC CHECKSUMS:
  CosmosMobLogin: 15a45e19906de5242fdb6f68372cf37304c0ef2f
  mob_secverify: b46b33876c9b7258881e6519f78dcc01413c0896
  MOBFoundation: 5bd55bed3c33f70f45170dbcc28eb51a0d9461ae

PODFILE CHECKSUM: e21bb70ade6ae0dc976d154e5b5822b6ad09df3b

COCOAPODS: 1.12.1
